<?xml version="1.0" encoding="UTF-8" standalone="yes" ?>
<CodeBlocks_project_file>
	<FileVersion major="1" minor="6" />
	<Project>
		<Option title="Wicher" />
		<Option makefile_is_custom="1" />
		<Option pch_mode="2" />
		<Option compiler="gcc" />
		<MakeCommands>
			<Build command="./make.sh" />
			<CompileFile command="./make.sh" />
			<Clean command="./clean.sh" />
			<DistClean command="$make -f $makefile distclean$target" />
			<AskRebuildNeeded command="./make.sh" />
			<SilentBuild command="./make.sh &gt; $(CMD_NULL)" />
		</MakeCommands>
		<Build>
			<Target title="Release">
				<Option output="bin/Wicher" prefix_auto="1" extension_auto="1" />
				<Option object_output="obj/" />
				<Option type="1" />
				<Option compiler="gcc" />
				<Compiler>
					<Add directory="src" />
					<Add directory="include" />
				</Compiler>
				<MakeCommands>
					<Build command="./make.sh" />
					<CompileFile command="./make.sh" />
					<Clean command="./clean.sh" />
					<DistClean command="$make -f $makefile distclean$target" />
					<AskRebuildNeeded command="./make.sh" />
					<SilentBuild command="./make.sh &gt; $(CMD_NULL)" />
				</MakeCommands>
			</Target>
		</Build>
		<Unit filename="include/Builder.h" />
		<Unit filename="include/ColumnModels.h" />
		<Unit filename="include/Database.h" />
		<Unit filename="include/Dialogger.h" />
		<Unit filename="include/ListsManager.h" />
		<Unit filename="include/Main.h" />
		<Unit filename="include/SignalWindows.h" />
		<Unit filename="include/Splash.h" />
		<Unit filename="include/ToolbarInfo.h" />
		<Unit filename="include/ToolbarOptions.h" />
		<Unit filename="include/Toolkit.h" />
		<Unit filename="include/sha256.h" />
		<Unit filename="src/Database.cpp" />
		<Unit filename="src/DatabaseQuery.cpp" />
		<Unit filename="src/Dialogger.cpp" />
		<Unit filename="src/ListsManager/ColumnModels.cpp" />
		<Unit filename="src/ListsManager/Constructor.cpp" />
		<Unit filename="src/ListsManager/ListsEditSignals.cpp" />
		<Unit filename="src/ListsManager/ListsSignals.cpp" />
		<Unit filename="src/ListsManager/Refresh.cpp" />
		<Unit filename="src/ListsManager/StateManager.cpp" />
		<Unit filename="src/Main/Builder.cpp" />
		<Unit filename="src/Main/Main.cpp" />
		<Unit filename="src/SignalWindows/AddItemsWindow.cpp" />
		<Unit filename="src/SignalWindows/CreateItemWindow.cpp" />
		<Unit filename="src/SignalWindows/CreatePZWindow.cpp" />
		<Unit filename="src/SignalWindows/CreateTypeWindow.cpp" />
		<Unit filename="src/SignalWindows/CreateWZWindow.cpp" />
		<Unit filename="src/SignalWindows/InfoItemWindow.cpp" />
		<Unit filename="src/SignalWindows/InfoPZWindow.cpp" />
		<Unit filename="src/SignalWindows/InfoTypeWindow.cpp" />
		<Unit filename="src/SignalWindows/InfoWZWindow.cpp" />
		<Unit filename="src/SignalWindows/SignalWindows.cpp" />
		<Unit filename="src/Splash/RunServer.cpp" />
		<Unit filename="src/Splash/Splash.cpp" />
		<Unit filename="src/Toolbar/ToolbarInfo.cpp" />
		<Unit filename="src/Toolbar/ToolbarOptions.cpp" />
		<Unit filename="src/Toolkit.cpp" />
		<Unit filename="src/main.cpp" />
		<Unit filename="src/sha256.cpp" />
		<Extensions>
			<envvars />
			<code_completion />
			<lib_finder disable_auto="1" />
			<debugger />
		</Extensions>
	</Project>
</CodeBlocks_project_file>
